
Microsoft Visual Studio Solution File, Format Version 12.00
Project("{FAE04EC0-301F-11D3-BF4B-00C04F79EFBC}") = "PokePanion", "PokePanion\PokePanion.csproj", "{B59C6659-F4F5-4FF5-AD5C-705A939FFDCC}"
EndProject
Global
	GlobalSection(SolutionConfigurationPlatforms) = preSolution
		Debug|Any CPU = Debug|Any CPU
		Release|Any CPU = Release|Any CPU
	EndGlobalSection
	GlobalSection(ProjectConfigurationPlatforms) = postSolution
		{B59C6659-F4F5-4FF5-AD5C-705A939FFDCC}.Debug|Any CPU.ActiveCfg = Debug|Any CPU
		{B59C6659-F4F5-4FF5-AD5C-705A939FFDCC}.Debug|Any CPU.Build.0 = Debug|Any CPU
		{B59C6659-F4F5-4FF5-AD5C-705A939FFDCC}.Release|Any CPU.ActiveCfg = Release|Any CPU
		{B59C6659-F4F5-4FF5-AD5C-705A939FFDCC}.Release|Any CPU.Build.0 = Release|Any CPU
	EndGlobalSection
EndGlobal
